// !$*UTF8*$!
{
	archiveVersion = 1;
	classes = {
	};
	objectVersion = 55;
	objects = {

/* Begin PBXBuildFile section */
		CEA71AC42888726A00FF44E0 /* AlternativePersonListViewController.swift in Sources */ = {isa = PBXBuildFile; fileRef = CEA71AC32888726A00FF44E0 /* AlternativePersonListViewController.swift */; };
		CECCB2B92888313600D06CA8 /* AppDelegate.swift in Sources */ = {isa = PBXBuildFile; fileRef = CECCB2B82888313600D06CA8 /* AppDelegate.swift */; };
		CECCB2BB2888313600D06CA8 /* SceneDelegate.swift in Sources */ = {isa = PBXBuildFile; fileRef = CECCB2BA2888313600D06CA8 /* SceneDelegate.swift */; };
		CECCB2C02888313600D06CA8 /* Main.storyboard in Resources */ = {isa = PBXBuildFile; fileRef = CECCB2BE2888313600D06CA8 /* Main.storyboard */; };
		CECCB2C22888313800D06CA8 /* Assets.xcassets in Resources */ = {isa = PBXBuildFile; fileRef = CECCB2C12888313800D06CA8 /* Assets.xcassets */; };
		CECCB2C52888313800D06CA8 /* LaunchScreen.storyboard in Resources */ = {isa = PBXBuildFile; fileRef = CECCB2C32888313800D06CA8 /* LaunchScreen.storyboard */; };
		CECCB2CD2888317E00D06CA8 /* DataStore.swift in Sources */ = {isa = PBXBuildFile; fileRef = CECCB2CC2888317E00D06CA8 /* DataStore.swift */; };
		CECCB2CF2888318C00D06CA8 /* Person.swift in Sources */ = {isa = PBXBuildFile; fileRef = CECCB2CE2888318C00D06CA8 /* Person.swift */; };
		CECCB2D72888342B00D06CA8 /* PersonListViewController.swift in Sources */ = {isa = PBXBuildFile; fileRef = CECCB2D62888342B00D06CA8 /* PersonListViewController.swift */; };
		CECCB2D9288836CC00D06CA8 /* PersonalDetailsViewController.swift in Sources */ = {isa = PBXBuildFile; fileRef = CECCB2D8288836CC00D06CA8 /* PersonalDetailsViewController.swift */; };
/* End PBXBuildFile section */

/* Begin PBXFileReference section */
		CEA71AC32888726A00FF44E0 /* AlternativePersonListViewController.swift */ = {isa = PBXFileReference; lastKnownFileType = sourcecode.swift; path = AlternativePersonListViewController.swift; sourceTree = "<group>"; };
		CECCB2B52888313600D06CA8 /* ContactList.app */ = {isa = PBXFileReference; explicitFileType = wrapper.application; includeInIndex = 0; path = ContactList.app; sourceTree = BUILT_PRODUCTS_DIR; };
		CECCB2B82888313600D06CA8 /* AppDelegate.swift */ = {isa = PBXFileReference; lastKnownFileType = sourcecode.swift; path = AppDelegate.swift; sourceTree = "<group>"; };
		CECCB2BA2888313600D06CA8 /* SceneDelegate.swift */ = {isa = PBXFileReference; lastKnownFileType = sourcecode.swift; path = SceneDelegate.swift; sourceTree = "<group>"; };
		CECCB2BF2888313600D06CA8 /* Base */ = {isa = PBXFileReference; lastKnownFileType = file.storyboard; name = Base; path = Base.lproj/Main.storyboard; sourceTree = "<group>"; };
		CECCB2C12888313800D06CA8 /* Assets.xcassets */ = {isa = PBXFileReference; lastKnownFileType = folder.assetcatalog; path = Assets.xcassets; sourceTree = "<group>"; };
		CECCB2C42888313800D06CA8 /* Base */ = {isa = PBXFileReference; lastKnownFileType = file.storyboard; name = Base; path = Base.lproj/LaunchScreen.storyboard; sourceTree = "<group>"; };
		CECCB2C62888313800D06CA8 /* Info.plist */ = {isa = PBXFileReference; lastKnownFileType = text.plist.xml; path = Info.plist; sourceTree = "<group>"; };
		CECCB2CC2888317E00D06CA8 /* DataStore.swift */ = {isa = PBXFileReference; lastKnownFileType = sourcecode.swift; path = DataStore.swift; sourceTree = "<group>"; };
		CECCB2CE2888318C00D06CA8 /* Person.swift */ = {isa = PBXFileReference; lastKnownFileType = sourcecode.swift; path = Person.swift; sourceTree = "<group>"; };
		CECCB2D62888342B00D06CA8 /* PersonListViewController.swift */ = {isa = PBXFileReference; lastKnownFileType = sourcecode.swift; path = PersonListViewController.swift; sourceTree = "<group>"; };
		CECCB2D8288836CC00D06CA8 /* PersonalDetailsViewController.swift */ = {isa = PBXFileReference; lastKnownFileType = sourcecode.swift; name = PersonalDetailsViewController.swift; path = ContactList/Storyboards/PersonalDetailsViewController.swift; sourceTree = SOURCE_ROOT; };
/* End PBXFileReference section */

/* Begin PBXFrameworksBuildPhase section */
		CECCB2B22888313600D06CA8 /* Frameworks */ = {
			isa = PBXFrameworksBuildPhase;
			buildActionMask = 2147483647;
			files = (
			);
			runOnlyForDeploymentPostprocessing = 0;
		};
/* End PBXFrameworksBuildPhase section */

/* Begin PBXGroup section */
		CECCB2AC2888313600D06CA8 = {
			isa = PBXGroup;
			children = (
				CECCB2B72888313600D06CA8 /* ContactList */,
				CECCB2B62888313600D06CA8 /* Products */,
			);
			sourceTree = "<group>";
		};
		CECCB2B62888313600D06CA8 /* Products */ = {
			isa = PBXGroup;
			children = (
				CECCB2B52888313600D06CA8 /* ContactList.app */,
			);
			name = Products;
			sourceTree = "<group>";
		};
		CECCB2B72888313600D06CA8 /* ContactList */ = {
			isa = PBXGroup;
			children = (
				CECCB2D52888333100D06CA8 /* ViewControllers */,
				CECCB2D2288832D200D06CA8 /* Storyboards */,
				CECCB2D4288832FB00D06CA8 /* Model */,
				CECCB2D02888328D00D06CA8 /* Services */,
				CECCB2D3288832F400D06CA8 /* App */,
				CECCB2D12888329B00D06CA8 /* Resources */,
			);
			path = ContactList;
			sourceTree = "<group>";
		};
		CECCB2D02888328D00D06CA8 /* Services */ = {
			isa = PBXGroup;
			children = (
				CECCB2CC2888317E00D06CA8 /* DataStore.swift */,
			);
			path = Services;
			sourceTree = "<group>";
		};
		CECCB2D12888329B00D06CA8 /* Resources */ = {
			isa = PBXGroup;
			children = (
				CECCB2C12888313800D06CA8 /* Assets.xcassets */,
			);
			path = Resources;
			sourceTree = "<group>";
		};
		CECCB2D2288832D200D06CA8 /* Storyboards */ = {
			isa = PBXGroup;
			children = (
				CECCB2BE2888313600D06CA8 /* Main.storyboard */,
				CECCB2C32888313800D06CA8 /* LaunchScreen.storyboard */,
			);
			path = Storyboards;
			sourceTree = "<group>";
		};
		CECCB2D3288832F400D06CA8 /* App */ = {
			isa = PBXGroup;
			children = (
				CECCB2B82888313600D06CA8 /* AppDelegate.swift */,
				CECCB2BA2888313600D06CA8 /* SceneDelegate.swift */,
				CECCB2C62888313800D06CA8 /* Info.plist */,
			);
			path = App;
			sourceTree = "<group>";
		};
		CECCB2D4288832FB00D06CA8 /* Model */ = {
			isa = PBXGroup;
			children = (
				CECCB2CE2888318C00D06CA8 /* Person.swift */,
			);
			path = Model;
			sourceTree = "<group>";
		};
		CECCB2D52888333100D06CA8 /* ViewControllers */ = {
			isa = PBXGroup;
			children = (
				CECCB2D8288836CC00D06CA8 /* PersonalDetailsViewController.swift */,
				CECCB2D62888342B00D06CA8 /* PersonListViewController.swift */,
				CEA71AC32888726A00FF44E0 /* AlternativePersonListViewController.swift */,
			);
			path = ViewControllers;
			sourceTree = "<group>";
		};
/* End PBXGroup section */

/* Begin PBXNativeTarget section */
		CECCB2B42888313600D06CA8 /* ContactList */ = {
			isa = PBXNativeTarget;
			buildConfigurationList = CECCB2C92888313800D06CA8 /* Build configuration list for PBXNativeTarget "ContactList" */;
			buildPhases = (
				CECCB2B12888313600D06CA8 /* Sources */,
				CECCB2B22888313600D06CA8 /* Frameworks */,
				CECCB2B32888313600D06CA8 /* Resources */,
			);
			buildRules = (
			);
			dependencies = (
			);
			name = ContactList;
			productName = ContactList;
			productReference = CECCB2B52888313600D06CA8 /* ContactList.app */;
			productType = "com.apple.product-type.application";
		};
/* End PBXNativeTarget section */

/* Begin PBXProject section */
		CECCB2AD2888313600D06CA8 /* Project object */ = {
			isa = PBXProject;
			attributes = {
				BuildIndependentTargetsInParallel = 1;
				LastSwiftUpdateCheck = 1340;
				LastUpgradeCheck = 1340;
				TargetAttributes = {
					CECCB2B42888313600D06CA8 = {
						CreatedOnToolsVersion = 13.4.1;
					};
				};
			};
			buildConfigurationList = CECCB2B02888313600D06CA8 /* Build configuration list for PBXProject "ContactList" */;
			compatibilityVersion = "Xcode 13.0";
			developmentRegion = en;
			hasScannedForEncodings = 0;
			knownRegions = (
				en,
				Base,
			);
			mainGroup = CECCB2AC2888313600D06CA8;
			productRefGroup = CECCB2B62888313600D06CA8 /* Products */;
			projectDirPath = "";
			projectRoot = "";
			targets = (
				CECCB2B42888313600D06CA8 /* ContactList */,
			);
		};
/* End PBXProject section */

/* Begin PBXResourcesBuildPhase section */
		CECCB2B32888313600D06CA8 /* Resources */ = {
			isa = PBXResourcesBuildPhase;
			buildActionMask = 2147483647;
			files = (
				CECCB2C52888313800D06CA8 /* LaunchScreen.storyboard in Resources */,
				CECCB2C22888313800D06CA8 /* Assets.xcassets in Resources */,
				CECCB2C02888313600D06CA8 /* Main.storyboard in Resources */,
			);
			runOnlyForDeploymentPostprocessing = 0;
		};
/* End PBXResourcesBuildPhase section */

/* Begin PBXSourcesBuildPhase section */
		CECCB2B12888313600D06CA8 /* Sources */ = {
			isa = PBXSourcesBuildPhase;
			buildActionMask = 2147483647;
			files = (
				CECCB2CF2888318C00D06CA8 /* Person.swift in Sources */,
				CECCB2CD2888317E00D06CA8 /* DataStore.swift in Sources */,
				CEA71AC42888726A00FF44E0 /* AlternativePersonListViewController.swift in Sources */,
				CECCB2D72888342B00D06CA8 /* PersonListViewController.swift in Sources */,
				CECCB2D9288836CC00D06CA8 /* PersonalDetailsViewController.swift in Sources */,
				CECCB2B92888313600D06CA8 /* AppDelegate.swift in Sources */,
				CECCB2BB2888313600D06CA8 /* SceneDelegate.swift in Sources */,
			);
			runOnlyForDeploymentPostprocessing = 0;
		};
/* End PBXSourcesBuildPhase section */

/* Begin PBXVariantGroup section */
		CECCB2BE2888313600D06CA8 /* Main.storyboard */ = {
			isa = PBXVariantGroup;
			children = (
				CECCB2BF2888313600D06CA8 /* Base */,
			);
			name = Main.storyboard;
			sourceTree = "<group>";
		};
		CECCB2C32888313800D06CA8 /* LaunchScreen.storyboard */ = {
			isa = PBXVariantGroup;
			children = (
				CECCB2C42888313800D06CA8 /* Base */,
			);
			name = LaunchScreen.storyboard;
			sourceTree = "<group>";
		};
/* End PBXVariantGroup section */

/* Begin XCBuildConfiguration section */
		CECCB2C72888313800D06CA8 /* Debug */ = {
			isa = XCBuildConfiguration;
			buildSettings = {
				ALWAYS_SEARCH_USER_PATHS = NO;
				CLANG_ANALYZER_NONNULL = YES;
				CLANG_ANALYZER_NUMBER_OBJECT_CONVERSION = YES_AGGRESSIVE;
				CLANG_CXX_LANGUAGE_STANDARD = "gnu++17";
				CLANG_ENABLE_MODULES = YES;
				CLANG_ENABLE_OBJC_ARC = YES;
				CLANG_ENABLE_OBJC_WEAK = YES;
				CLANG_WARN_BLOCK_CAPTURE_AUTORELEASING = YES;
				CLANG_WARN_BOOL_CONVERSION = YES;
				CLANG_WARN_COMMA = YES;
				CLANG_WARN_CONSTANT_CONVERSION = YES;
				CLANG_WARN_DEPRECATED_OBJC_IMPLEMENTATIONS = YES;
				CLANG_WARN_DIRECT_OBJC_ISA_USAGE = YES_ERROR;
				CLANG_WARN_DOCUMENTATION_COMMENTS = YES;
				CLANG_WARN_EMPTY_BODY = YES;
				CLANG_WARN_ENUM_CONVERSION = YES;
				CLANG_WARN_INFINITE_RECURSION = YES;
				CLANG_WARN_INT_CONVERSION = YES;
				CLANG_WARN_NON_LITERAL_NULL_CONVERSION = YES;
				CLANG_WARN_OBJC_IMPLICIT_RETAIN_SELF = YES;
				CLANG_WARN_OBJC_LITERAL_CONVERSION = YES;
				CLANG_WARN_OBJC_ROOT_CLASS = YES_ERROR;
				CLANG_WARN_QUOTED_INCLUDE_IN_FRAMEWORK_HEADER = YES;
				CLANG_WARN_RANGE_LOOP_ANALYSIS = YES;
				CLANG_WARN_STRICT_PROTOTYPES = YES;
				CLANG_WARN_SUSPICIOUS_MOVE = YES;
				CLANG_WARN_UNGUARDED_AVAILABILITY = YES_AGGRESSIVE;
				CLANG_WARN_UNREACHABLE_CODE = YES;
				CLANG_WARN__DUPLICATE_METHOD_MATCH = YES;
				COPY_PHASE_STRIP = NO;
				DEBUG_INFORMATION_FORMAT = dwarf;
				ENABLE_STRICT_OBJC_MSGSEND = YES;
				ENABLE_TESTABILITY = YES;
				GCC_C_LANGUAGE_STANDARD = gnu11;
				GCC_DYNAMIC_NO_PIC = NO;
				GCC_NO_COMMON_BLOCKS = YES;
				GCC_OPTIMIZATION_LEVEL = 0;
				GCC_PREPROCESSOR_DEFINITIONS = (
					"DEBUG=1",
					"$(inherited)",
				);
				GCC_WARN_64_TO_32_BIT_CONVERSION = YES;
				GCC_WARN_ABOUT_RETURN_TYPE = YES_ERROR;
				GCC_WARN_UNDECLARED_SELECTOR = YES;
				GCC_WARN_UNINITIALIZED_AUTOS = YES_AGGRESSIVE;
				GCC_WARN_UNUSED_FUNCTION = YES;
				GCC_WARN_UNUSED_VARIABLE = YES;
				IPHONEOS_DEPLOYMENT_TARGET = 15.5;
				MTL_ENABLE_DEBUG_INFO = INCLUDE_SOURCE;
				MTL_FAST_MATH = YES;
				ONLY_ACTIVE_ARCH = YES;
				SDKROOT = iphoneos;
				SWIFT_ACTIVE_COMPILATION_CONDITIONS = DEBUG;
				SWIFT_OPTIMIZATION_LEVEL = "-Onone";
			};
			name = Debug;
		};
		CECCB2C82888313800D06CA8 /* Release */ = {
			isa = XCBuildConfiguration;
			buildSettings = {
				ALWAYS_SEARCH_USER_PATHS = NO;
				CLANG_ANALYZER_NONNULL = YES;
				CLANG_ANALYZER_NUMBER_OBJECT_CONVERSION = YES_AGGRESSIVE;
				CLANG_CXX_LANGUAGE_STANDARD = "gnu++17";
				CLANG_ENABLE_MODULES = YES;
				CLANG_ENABLE_OBJC_ARC = YES;
				CLANG_ENABLE_OBJC_WEAK = YES;
				CLANG_WARN_BLOCK_CAPTURE_AUTORELEASING = YES;
				CLANG_WARN_BOOL_CONVERSION = YES;
				CLANG_WARN_COMMA = YES;
				CLANG_WARN_CONSTANT_CONVERSION = YES;
				CLANG_WARN_DEPRECATED_OBJC_IMPLEMENTATIONS = YES;
				CLANG_WARN_DIRECT_OBJC_ISA_USAGE = YES_ERROR;
				CLANG_WARN_DOCUMENTATION_COMMENTS = YES;
				CLANG_WARN_EMPTY_BODY = YES;
				CLANG_WARN_ENUM_CONVERSION = YES;
				CLANG_WARN_INFINITE_RECURSION = YES;
				CLANG_WARN_INT_CONVERSION = YES;
				CLANG_WARN_NON_LITERAL_NULL_CONVERSION = YES;
				CLANG_WARN_OBJC_IMPLICIT_RETAIN_SELF = YES;
				CLANG_WARN_OBJC_LITERAL_CONVERSION = YES;
				CLANG_WARN_OBJC_ROOT_CLASS = YES_ERROR;
				CLANG_WARN_QUOTED_INCLUDE_IN_FRAMEWORK_HEADER = YES;
				CLANG_WARN_RANGE_LOOP_ANALYSIS = YES;
				CLANG_WARN_STRICT_PROTOTYPES = YES;
				CLANG_WARN_SUSPICIOUS_MOVE = YES;
				CLANG_WARN_UNGUARDED_AVAILABILITY = YES_AGGRESSIVE;
				CLANG_WARN_UNREACHABLE_CODE = YES;
				CLANG_WARN__DUPLICATE_METHOD_MATCH = YES;
				COPY_PHASE_STRIP = NO;
				DEBUG_INFORMATION_FORMAT = "dwarf-with-dsym";
				ENABLE_NS_ASSERTIONS = NO;
				ENABLE_STRICT_OBJC_MSGSEND = YES;
				GCC_C_LANGUAGE_STANDARD = gnu11;
				GCC_NO_COMMON_BLOCKS = YES;
				GCC_WARN_64_TO_32_BIT_CONVERSION = YES;
				GCC_WARN_ABOUT_RETURN_TYPE = YES_ERROR;
				GCC_WARN_UNDECLARED_SELECTOR = YES;
				GCC_WARN_UNINITIALIZED_AUTOS = YES_AGGRESSIVE;
				GCC_WARN_UNUSED_FUNCTION = YES;
				GCC_WARN_UNUSED_VARIABLE = YES;
				IPHONEOS_DEPLOYMENT_TARGET = 15.5;
				MTL_ENABLE_DEBUG_INFO = NO;
				MTL_FAST_MATH = YES;
				SDKROOT = iphoneos;
				SWIFT_COMPILATION_MODE = wholemodule;
				SWIFT_OPTIMIZATION_LEVEL = "-O";
				VALIDATE_PRODUCT = YES;
			};
			name = Release;
		};
		CECCB2CA2888313800D06CA8 /* Debug */ = {
			isa = XCBuildConfiguration;
			buildSettings = {
				ASSETCATALOG_COMPILER_APPICON_NAME = AppIcon;
				ASSETCATALOG_COMPILER_GLOBAL_ACCENT_COLOR_NAME = AccentColor;
				CODE_SIGN_STYLE = Automatic;
				CURRENT_PROJECT_VERSION = 1;
				DEVELOPMENT_TEAM = WVNY5GBN9S;
				GENERATE_INFOPLIST_FILE = YES;
				INFOPLIST_FILE = ContactList/App/Info.plist;
				INFOPLIST_KEY_UIApplicationSupportsIndirectInputEvents = YES;
				INFOPLIST_KEY_UILaunchStoryboardName = LaunchScreen;
				INFOPLIST_KEY_UIMainStoryboardFile = Main;
				INFOPLIST_KEY_UISupportedInterfaceOrientations_iPad = "UIInterfaceOrientationPortrait UIInterfaceOrientationPortraitUpsideDown UIInterfaceOrientationLandscapeLeft UIInterfaceOrientationLandscapeRight";
				INFOPLIST_KEY_UISupportedInterfaceOrientations_iPhone = "UIInterfaceOrientationPortrait UIInterfaceOrientationLandscapeLeft UIInterfaceOrientationLandscapeRight";
				LD_RUNPATH_SEARCH_PATHS = (
					"$(inherited)",
					"@executable_path/Frameworks",
				);
				MARKETING_VERSION = 1.0;
				PRODUCT_BUNDLE_IDENTIFIER = multiquz.ContactList;
				PRODUCT_NAME = "$(TARGET_NAME)";
				SWIFT_EMIT_LOC_STRINGS = YES;
				SWIFT_VERSION = 5.0;
				TARGETED_DEVICE_FAMILY = 1;
			};
			name = Debug;
		};
		CECCB2CB2888313800D06CA8 /* Release */ = {
			isa = XCBuildConfiguration;
			buildSettings = {
				ASSETCATALOG_COMPILER_APPICON_NAME = AppIcon;
				ASSETCATALOG_COMPILER_GLOBAL_ACCENT_COLOR_NAME = AccentColor;
				CODE_SIGN_STYLE = Automatic;
				CURRENT_PROJECT_VERSION = 1;
				DEVELOPMENT_TEAM = WVNY5GBN9S;
				GENERATE_INFOPLIST_FILE = YES;
				INFOPLIST_FILE = ContactList/App/Info.plist;
				INFOPLIST_KEY_UIApplicationSupportsIndirectInputEvents = YES;
				INFOPLIST_KEY_UILaunchStoryboardName = LaunchScreen;
				INFOPLIST_KEY_UIMainStoryboardFile = Main;
				INFOPLIST_KEY_UISupportedInterfaceOrientations_iPad = "UIInterfaceOrientationPortrait UIInterfaceOrientationPortraitUpsideDown UIInterfaceOrientationLandscapeLeft UIInterfaceOrientationLandscapeRight";
				INFOPLIST_KEY_UISupportedInterfaceOrientations_iPhone = "UIInterfaceOrientationPortrait UIInterfaceOrientationLandscapeLeft UIInterfaceOrientationLandscapeRight";
				LD_RUNPATH_SEARCH_PATHS = (
					"$(inherited)",
					"@executable_path/Frameworks",
				);
				MARKETING_VERSION = 1.0;
				PRODUCT_BUNDLE_IDENTIFIER = multiquz.ContactList;
				PRODUCT_NAME = "$(TARGET_NAME)";
				SWIFT_EMIT_LOC_STRINGS = YES;
				SWIFT_VERSION = 5.0;
				TARGETED_DEVICE_FAMILY = 1;
			};
			name = Release;
		};
/* End XCBuildConfiguration section */

/* Begin XCConfigurationList section */
		CECCB2B02888313600D06CA8 /* Build configuration list for PBXProject "ContactList" */ = {
			isa = XCConfigurationList;
			buildConfigurations = (
				CECCB2C72888313800D06CA8 /* Debug */,
				CECCB2C82888313800D06CA8 /* Release */,
			);
			defaultConfigurationIsVisible = 0;
			defaultConfigurationName = Release;
		};
		CECCB2C92888313800D06CA8 /* Build configuration list for PBXNativeTarget "ContactList" */ = {
			isa = XCConfigurationList;
			buildConfigurations = (
				CECCB2CA2888313800D06CA8 /* Debug */,
				CECCB2CB2888313800D06CA8 /* Release */,
			);
			defaultConfigurationIsVisible = 0;
			defaultConfigurationName = Release;
		};
/* End XCConfigurationList section */
	};
	rootObject = CECCB2AD2888313600D06CA8 /* Project object */;
}
